{
    "_readme": [
        "This file locks the dependencies of your project to a known state",
        "Read more about it at http://getcomposer.org/doc/01-basic-usage.md#composer-lock-the-lock-file",
        "This file is @generated automatically"
    ],
    "hash": "4976339131f9b03f7203bb3448fbedc8",
    "packages": [
        {
            "name": "raveren/kint",
            "version": "dev-1.0.0-wip",
            "source": {
                "type": "git",
                "url": "https://github.com/raveren/kint.git",
                "reference": "4ffa2cbad67e5ca15abd902e3b148c72e93dbeae"
            },
            "dist": {
                "type": "zip",
                "url": "https://api.github.com/repos/raveren/kint/zipball/4ffa2cbad67e5ca15abd902e3b148c72e93dbeae",
                "reference": "4ffa2cbad67e5ca15abd902e3b148c72e93dbeae",
                "shasum": ""
            },
            "require": {
                "php": ">=5.2.0"
            },
            "type": "library",
            "extra": {
                "branch-alias": {
                    "dev-1.0.0-wip": "1.0-dev"
                }
            },
            "autoload": {
                "files": [
                    "Kint.class.php"
                ]
            },
            "notification-url": "https://packagist.org/downloads/",
            "license": [
                "MIT"
            ],
            "authors": [
                {
                    "name": "Rokas Šleinius",
                    "homepage": "https://github.com/raveren"
                },
                {
                    "name": "Contributors",
                    "homepage": "https://github.com/raveren/kint/contributors"
                }
            ],
            "description": "Kint - debugging helper for PHP developers",
            "homepage": "https://github.com/raveren/kint",
            "keywords": [
                "debug",
                "kint",
                "php"
            ],
            "time": "2014-04-08 09:52:14"
        }
    ],
    "packages-dev": [

    ],
    "aliases": [

    ],
    "minimum-stability": "stable",
    "stability-flags": {
        "raveren/kint": 20
    },
    "prefer-stable": false,
    "platform": [

    ],
    "platform-dev": [

    ]
}
